{
  "name": "project",
  "lockfileVersion": 3,
  "requires": true,
  "packages": {
    "": {
      "dependencies": {
        "@tsparticles/engine": "^3.2.1",
        "@tsparticles/react": "^3.0.0",
        "@tsparticles/slim": "^3.2.1",
        "clsx": "^2.1.0",
        "framer-motion": "^11.0.6",
        "tailwind-merge": "^2.2.1"
      }
    },
    "node_modules/@babel/runtime": {
      "version": "7.23.9",
      "resolved": "https://registry.npmjs.org/@babel/runtime/-/runtime-7.23.9.tgz",
      "integrity": "sha512-0CX6F+BI2s9dkUqr08KFrAIZgNFj75rdBU/DjCyYLIaV/quFjkk6T+EJ2LkZHyZTbEV4L5p97mNkUsHl2wLFAw==",
      "dependencies": {
        "regenerator-runtime": "^0.14.0"
      },
      "engines": {
        "node": ">=6.9.0"
      }
    },
    "node_modules/@emotion/is-prop-valid": {
      "version": "0.8.8",
      "resolved": "https://registry.npmjs.org/@emotion/is-prop-valid/-/is-prop-valid-0.8.8.tgz",
      "integrity": "sha512-u5WtneEAr5IDG2Wv65yhunPSMLIpuKsbuOktRojfrEiEvRyC85LgPMZI63cr7NUqT8ZIGdSVg8ZKGxIug4lXcA==",
      "optional": true,
      "dependencies": {
        "@emotion/memoize": "0.7.4"
      }
    },
    "node_modules/@emotion/memoize": {
      "version": "0.7.4",
      "resolved": "https://registry.npmjs.org/@emotion/memoize/-/memoize-0.7.4.tgz",
      "integrity": "sha512-Ja/Vfqe3HpuzRsG1oBtWTHk2PGZ7GR+2Vz5iYGelAw8dx32K0y7PjVuxK6z1nMpZOqAFsRUPCkK1YjJ56qJlgw==",
      "optional": true
    },
    "node_modules/@tsparticles/basic": {
      "version": "3.2.1",
      "resolved": "https://registry.npmjs.org/@tsparticles/basic/-/basic-3.2.1.tgz",
      "integrity": "sha512-Hg7qg8bnIjgA+M5+eW49hmm6J2njXW0PfiefO91quujzbY6gKgysuO44j+VKs5lZubUS4m3WybyXuG2qvc0blg==",
      "deprecated": "3.2.0 and 3.2.1 have issues with some bundlers, deprecating those until solved with 3.2.2",
      "funding": [
        {
          "type": "github",
          "url": "https://github.com/sponsors/matteobruni"
        },
        {
          "type": "github",
          "url": "https://github.com/sponsors/tsparticles"
        },
        {
          "type": "buymeacoffee",
          "url": "https://www.buymeacoffee.com/matteobruni"
        }
      ],
      "dependencies": {
        "@tsparticles/engine": "^3.2.1",
        "@tsparticles/move-base": "^3.2.1",
        "@tsparticles/shape-circle": "^3.2.1",
        "@tsparticles/updater-color": "^3.2.1",
        "@tsparticles/updater-opacity": "^3.2.1",
        "@tsparticles/updater-out-modes": "^3.2.1",
        "@tsparticles/updater-size": "^3.2.1"
      }
    },
    "node_modules/@tsparticles/engine": {
      "version": "3.2.1",
      "resolved": "https://registry.npmjs.org/@tsparticles/engine/-/engine-3.2.1.tgz",
      "integrity": "sha512-mVzdwkOtRdT6/UOS0+GPGcKJsdvYCkqTTwg7df43TfXixsdZedpUkuVg30rwtNhTgPMH2nimOXqx2wmgL7bAZw==",
      "deprecated": "3.2.0 and 3.2.1 have issues with some bundlers, deprecating those until solved with 3.2.2",
      "funding": [
        {
          "type": "github",
          "url": "https://github.com/sponsors/matteobruni"
        },
        {
          "type": "github",
          "url": "https://github.com/sponsors/tsparticles"
        },
        {
          "type": "buymeacoffee",
          "url": "https://www.buymeacoffee.com/matteobruni"
        }
      ],
      "hasInstallScript": true
    },
    "node_modules/@tsparticles/interaction-external-attract": {
      "version": "3.2.1",
      "resolved": "https://registry.npmjs.org/@tsparticles/interaction-external-attract/-/interaction-external-attract-3.2.1.tgz",
      "integrity": "sha512-u3Nc8ZRqaZeV6aOG44lrbjLyyGsDmL/k5YUHpynf8B1h2P7Rh4CUlz1FfFkbyFEe/bxoopTMl3IAGPfH+ZpzYA==",
      "deprecated": "3.2.0 and 3.2.1 have issues with some bundlers, deprecating those until solved with 3.2.2",
      "dependencies": {
        "@tsparticles/engine": "^3.2.1"
      }
    },
    "node_modules/@tsparticles/interaction-external-bounce": {
      "version": "3.2.1",
      "resolved": "https://registry.npmjs.org/@tsparticles/interaction-external-bounce/-/interaction-external-bounce-3.2.1.tgz",
      "integrity": "sha512-quDVwQpaLcVYFHdPYSM3vEAqRrHPMDsfjpzvtLhAuXVvGX0FW4HLBFF1uuIQg6UTDKaVZSPcw6Y8A8zbUItRmw==",
      "deprecated": "3.2.0 and 3.2.1 have issues with some bundlers, deprecating those until solved with 3.2.2",
      "dependencies": {
        "@tsparticles/engine": "^3.2.1"
      }
    },
    "node_modules/@tsparticles/interaction-external-bubble": {
      "version": "3.2.1",
      "resolved": "https://registry.npmjs.org/@tsparticles/interaction-external-bubble/-/interaction-external-bubble-3.2.1.tgz",
      "integrity": "sha512-Z5/clQcfQF8ldk1QjXl6cRi/5fH92uL6Ev/W6zskY6L1RG3Y8jisHLU44tWFwXleONu/NB+IDFn39Ei6uNjmzQ==",
      "deprecated": "3.2.0 and 3.2.1 have issues with some bundlers, deprecating those until solved with 3.2.2",
      "dependencies": {
        "@tsparticles/engine": "^3.2.1"
      }
    },
    "node_modules/@tsparticles/interaction-external-connect": {
      "version": "3.2.1",
      "resolved": "https://registry.npmjs.org/@tsparticles/interaction-external-connect/-/interaction-external-connect-3.2.1.tgz",
      "integrity": "sha512-tY//lUEcu3ZbKFvDc1bUhS9r2LdiwN4jsBU0o4JuGKBWPH/Cd0P9sUVIthEsoxf1lY/6xCV5AgBP8SA+o3Cj2Q==",
      "deprecated": "3.2.0 and 3.2.1 have issues with some bundlers, deprecating those until solved with 3.2.2",
      "dependencies": {
        "@tsparticles/engine": "^3.2.1"
      }
    },
    "node_modules/@tsparticles/interaction-external-grab": {
      "version": "3.2.1",
      "resolved": "https://registry.npmjs.org/@tsparticles/interaction-external-grab/-/interaction-external-grab-3.2.1.tgz",
      "integrity": "sha512-mau9wixUqy+mOiYGMofBUiQ9gsSk7pMkyHKtOZVrE6Lvi0JvJrIAjSndjsUKNt5GmB+kKJPTlPCaN5mpBY/iUQ==",
      "deprecated": "3.2.0 and 3.2.1 have issues with some bundlers, deprecating those until solved with 3.2.2",
      "dependencies": {
        "@tsparticles/engine": "^3.2.1"
      }
    },
    "node_modules/@tsparticles/interaction-external-pause": {
      "version": "3.2.1",
      "resolved": "https://registry.npmjs.org/@tsparticles/interaction-external-pause/-/interaction-external-pause-3.2.1.tgz",
      "integrity": "sha512-vV5sAls6JyjueheYqeZsESVKhAQCl0Yz5h9yqFIBSllJ8sppVXqtMx/XcGyJValp2R0ptiI0jULAqTBtHqcQBg==",
      "deprecated": "3.2.0 and 3.2.1 have issues with some bundlers, deprecating those until solved with 3.2.2",
      "dependencies": {
        "@tsparticles/engine": "^3.2.1"
      }
    },
    "node_modules/@tsparticles/interaction-external-push": {
      "version": "3.2.1",
      "resolved": "https://registry.npmjs.org/@tsparticles/interaction-external-push/-/interaction-external-push-3.2.1.tgz",
      "integrity": "sha512-BchfXv/ltD2oec9xz8mg3H8k7N/oYxNb2gTy8zqkdcnXLZzBlST8ApUx+PMvBh2pZ8LaqcGqVw1GK6/2PjL3zA==",
      "deprecated": "3.2.0 and 3.2.1 have issues with some bundlers, deprecating those until solved with 3.2.2",
      "dependencies": {
        "@tsparticles/engine": "^3.2.1"
      }
    },
    "node_modules/@tsparticles/interaction-external-remove": {
      "version": "3.2.1",
      "resolved": "https://registry.npmjs.org/@tsparticles/interaction-external-remove/-/interaction-external-remove-3.2.1.tgz",
      "integrity": "sha512-NGKPhshUdh5ttatM448k8PxbdgWbAM2sVqpnMyEJQSXoYfDrheuKPg27l5+G+IqmmTnTqorWXmc6cxN+1Es2hg==",
      "deprecated": "3.2.0 and 3.2.1 have issues with some bundlers, deprecating those until solved with 3.2.2",
      "dependencies": {
        "@tsparticles/engine": "^3.2.1"
      }
    },
    "node_modules/@tsparticles/interaction-external-repulse": {
      "version": "3.2.1",
      "resolved": "https://registry.npmjs.org/@tsparticles/interaction-external-repulse/-/interaction-external-repulse-3.2.1.tgz",
      "integrity": "sha512-HxGzjQuFpfTykHG0w5JPY3jpFNSr9wW4i8d9XHLjzlY/LHpDoRYfarAtpXtwUq0DyLFogZVkhbzo8+euP11PUA==",
      "deprecated": "3.2.0 and 3.2.1 have issues with some bundlers, deprecating those until solved with 3.2.2",
      "dependencies": {
        "@tsparticles/engine": "^3.2.1"
      }
    },
    "node_modules/@tsparticles/interaction-external-slow": {
      "version": "3.2.1",
      "resolved": "https://registry.npmjs.org/@tsparticles/interaction-external-slow/-/interaction-external-slow-3.2.1.tgz",
      "integrity": "sha512-Fq3EyozDqwKfRZnnVixO81kxKHlR+N8HtBD2Ga2lJt4ZfncnUTRlyMjX49pL6Cj293o1RAboH1xfR9kyNDWTOQ==",
      "deprecated": "3.2.0 and 3.2.1 have issues with some bundlers, deprecating those until solved with 3.2.2",
      "dependencies": {
        "@tsparticles/engine": "^3.2.1"
      }
    },
    "node_modules/@tsparticles/interaction-particles-attract": {
      "version": "3.2.1",
      "resolved": "https://registry.npmjs.org/@tsparticles/interaction-particles-attract/-/interaction-particles-attract-3.2.1.tgz",
      "integrity": "sha512-jbBI1RilgJbG/XkV73wmRwBfFWo86NtWqcbIcIwVku7+QtsllYVTpi1ty59JGqklLUWRYiz6i/4i8R31cZDCoA==",
      "deprecated": "3.2.0 and 3.2.1 have issues with some bundlers, deprecating those until solved with 3.2.2",
      "dependencies": {
        "@tsparticles/engine": "^3.2.1"
      }
    },
    "node_modules/@tsparticles/interaction-particles-collisions": {
      "version": "3.2.1",
      "resolved": "https://registry.npmjs.org/@tsparticles/interaction-particles-collisions/-/interaction-particles-collisions-3.2.1.tgz",
      "integrity": "sha512-30YxBuIOD1XUOpjo5evv0j/5+/K6VP29lAlmxmGDx7EWaInG9UwldJo+lh+1A0xvEVr1hjNMaBOjD5Rbs1iN7A==",
      "deprecated": "3.2.0 and 3.2.1 have issues with some bundlers, deprecating those until solved with 3.2.2",
      "dependencies": {
        "@tsparticles/engine": "^3.2.1"
      }
    },
    "node_modules/@tsparticles/interaction-particles-links": {
      "version": "3.2.1",
      "resolved": "https://registry.npmjs.org/@tsparticles/interaction-particles-links/-/interaction-particles-links-3.2.1.tgz",
      "integrity": "sha512-Py4BLQZbcipVyJ1PrIEPbYzzLDBy/jKIdnaGYRBCgZyf4zuTK5UvACPLS5zeiXXzCh4kx3LBM1z96zMOmJdNsw==",
      "deprecated": "3.2.0 and 3.2.1 have issues with some bundlers, deprecating those until solved with 3.2.2",
      "dependencies": {
        "@tsparticles/engine": "^3.2.1"
      }
    },
    "node_modules/@tsparticles/move-base": {
      "version": "3.2.1",
      "resolved": "https://registry.npmjs.org/@tsparticles/move-base/-/move-base-3.2.1.tgz",
      "integrity": "sha512-R+ALCs7eJTehoNDNJ6kcGESaLY3kNYmj1OkYwe7XIHSYCpRAq93jRj5NEVqrVTxk1ZIPt8pYdkerDlBuSphDEg==",
      "deprecated": "3.2.0 and 3.2.1 have issues with some bundlers, deprecating those until solved with 3.2.2",
      "dependencies": {
        "@tsparticles/engine": "^3.2.1"
      }
    },
    "node_modules/@tsparticles/move-parallax": {
      "version": "3.2.1",
      "resolved": "https://registry.npmjs.org/@tsparticles/move-parallax/-/move-parallax-3.2.1.tgz",
      "integrity": "sha512-q7ipu/avG2TzPauQpLUVjpLRJeFha8k7IdnpRns1Q286eWgHT0X/6A+qgroV+JLhUkTT9kdGVQGdOntHaOvgkQ==",
      "deprecated": "3.2.0 and 3.2.1 have issues with some bundlers, deprecating those until solved with 3.2.2",
      "dependencies": {
        "@tsparticles/engine": "^3.2.1"
      }
    },
    "node_modules/@tsparticles/plugin-easing-quad": {
      "version": "3.2.1",
      "resolved": "https://registry.npmjs.org/@tsparticles/plugin-easing-quad/-/plugin-easing-quad-3.2.1.tgz",
      "integrity": "sha512-l9NPrOh+6PI7v2GGq5GDliimhH+sFg9EUfH0jmsS3ZBMl/jWsD97RdTzutARMelH+PEZKGCtURKj2F0rzQtYtQ==",
      "deprecated": "3.2.0 and 3.2.1 have issues with some bundlers, deprecating those until solved with 3.2.2",
      "funding": [
        {
          "type": "github",
          "url": "https://github.com/sponsors/matteobruni"
        },
        {
          "type": "github",
          "url": "https://github.com/sponsors/tsparticles"
        },
        {
          "type": "buymeacoffee",
          "url": "https://www.buymeacoffee.com/matteobruni"
        }
      ],
      "dependencies": {
        "@tsparticles/engine": "^3.2.1"
      }
    },
    "node_modules/@tsparticles/react": {
      "version": "3.0.0",
      "resolved": "https://registry.npmjs.org/@tsparticles/react/-/react-3.0.0.tgz",
      "integrity": "sha512-hjGEtTT1cwv6BcjL+GcVgH++KYs52bIuQGW3PWv7z3tMa8g0bd6RI/vWSLj7p//NZ3uTjEIeilYIUPBh7Jfq/Q==",
      "peerDependencies": {
        "@tsparticles/engine": "^3.0.2",
        "react": ">=16.8.0",
        "react-dom": ">=16.8.0"
      }
    },
    "node_modules/@tsparticles/shape-circle": {
      "version": "3.2.1",
      "resolved": "https://registry.npmjs.org/@tsparticles/shape-circle/-/shape-circle-3.2.1.tgz",
      "integrity": "sha512-DgO21XrwZ5nX/BfO9ItXV3AEhZmTXX0yHf+ogvKiwkkhd9qqCL9yDSAwwUqOPlU5St6AoAWKp8QCByFE7icl6g==",
      "deprecated": "3.2.0 and 3.2.1 have issues with some bundlers, deprecating those until solved with 3.2.2",
      "dependencies": {
        "@tsparticles/engine": "^3.2.1"
      }
    },
    "node_modules/@tsparticles/shape-emoji": {
      "version": "3.2.1",
      "resolved": "https://registry.npmjs.org/@tsparticles/shape-emoji/-/shape-emoji-3.2.1.tgz",
      "integrity": "sha512-55q5eCQQvEZpk3WO8aMhqGmkca1BRd9az3itZDWJRhi74n+2sln4JYpWgqpEbsWHCP95z/IaVpkLiZalq2Wepw==",
      "deprecated": "3.2.0 and 3.2.1 have issues with some bundlers, deprecating those until solved with 3.2.2",
      "dependencies": {
        "@tsparticles/engine": "^3.2.1"
      }
    },
    "node_modules/@tsparticles/shape-image": {
      "version": "3.2.1",
      "resolved": "https://registry.npmjs.org/@tsparticles/shape-image/-/shape-image-3.2.1.tgz",
      "integrity": "sha512-mWBVikRQTIlhHKFlNE5WPOPGwUGdyDKPxAEC1XFJnx7juPADaaLiGaQtc8bgbCRpe7GLALaWwyvn1KmGxBnFlw==",
      "deprecated": "3.2.0 and 3.2.1 have issues with some bundlers, deprecating those until solved with 3.2.2",
      "dependencies": {
        "@tsparticles/engine": "^3.2.1"
      }
    },
    "node_modules/@tsparticles/shape-line": {
      "version": "3.2.1",
      "resolved": "https://registry.npmjs.org/@tsparticles/shape-line/-/shape-line-3.2.1.tgz",
      "integrity": "sha512-q1UWB3OT/MDi7vklEiYFWFyjHAQpkLx/lPCU2yzAxU8ikv6XhrbFMNL1/41ozrKoBIAEA50ADn9s7D8W4ZGq/Q==",
      "deprecated": "3.2.0 and 3.2.1 have issues with some bundlers, deprecating those until solved with 3.2.2",
      "dependencies": {
        "@tsparticles/engine": "^3.2.1"
      }
    },
    "node_modules/@tsparticles/shape-polygon": {
      "version": "3.2.1",
      "resolved": "https://registry.npmjs.org/@tsparticles/shape-polygon/-/shape-polygon-3.2.1.tgz",
      "integrity": "sha512-j8dNbnP03Q8iRde4YiegKP1a6tIZ86m6pqqIFqSJk+Lz2V0EN4Wv2pJMUklyP60VMll4SwBAJO1aLlIdqedSAQ==",
      "deprecated": "3.2.0 and 3.2.1 have issues with some bundlers, deprecating those until solved with 3.2.2",
      "dependencies": {
        "@tsparticles/engine": "^3.2.1"
      }
    },
    "node_modules/@tsparticles/shape-square": {
      "version": "3.2.1",
      "resolved": "https://registry.npmjs.org/@tsparticles/shape-square/-/shape-square-3.2.1.tgz",
      "integrity": "sha512-b6QDajcALbOAUsiKipZLrp6rzl5dbDmwWRjkU7dzrnxfWtkQQShxEGVtn0jOGJQnTQOwB/voce1UgAVjvyNDkQ==",
      "deprecated": "3.2.0 and 3.2.1 have issues with some bundlers, deprecating those until solved with 3.2.2",
      "dependencies": {
        "@tsparticles/engine": "^3.2.1"
      }
    },
    "node_modules/@tsparticles/shape-star": {
      "version": "3.2.1",
      "resolved": "https://registry.npmjs.org/@tsparticles/shape-star/-/shape-star-3.2.1.tgz",
      "integrity": "sha512-iqVsZiQFTLyc3wiU46P8l4k3zl8hJc57WROgQiHCcJxbps8DmlPZhLzaLPE03WgvPSfUQfc8QVtojdNaQh406g==",
      "deprecated": "3.2.0 and 3.2.1 have issues with some bundlers, deprecating those until solved with 3.2.2",
      "dependencies": {
        "@tsparticles/engine": "^3.2.1"
      }
    },
    "node_modules/@tsparticles/slim": {
      "version": "3.2.1",
      "resolved": "https://registry.npmjs.org/@tsparticles/slim/-/slim-3.2.1.tgz",
      "integrity": "sha512-XChPCNOybUFRp7SSbHICnlxGfG0ay0iFBH3kKn5hJ4Wsp8SOGg5vaJlLoArLvL7A555J4kEc5uFdpSRsJDdwKg==",
      "deprecated": "3.2.0 and 3.2.1 have issues with some bundlers, deprecating those until solved with 3.2.2",
      "funding": [
        {
          "type": "github",
          "url": "https://github.com/sponsors/matteobruni"
        },
        {
          "type": "github",
          "url": "https://github.com/sponsors/tsparticles"
        },
        {
          "type": "buymeacoffee",
          "url": "https://www.buymeacoffee.com/matteobruni"
        }
      ],
      "dependencies": {
        "@tsparticles/basic": "^3.2.1",
        "@tsparticles/engine": "^3.2.1",
        "@tsparticles/interaction-external-attract": "^3.2.1",
        "@tsparticles/interaction-external-bounce": "^3.2.1",
        "@tsparticles/interaction-external-bubble": "^3.2.1",
        "@tsparticles/interaction-external-connect": "^3.2.1",
        "@tsparticles/interaction-external-grab": "^3.2.1",
        "@tsparticles/interaction-external-pause": "^3.2.1",
        "@tsparticles/interaction-external-push": "^3.2.1",
        "@tsparticles/interaction-external-remove": "^3.2.1",
        "@tsparticles/interaction-external-repulse": "^3.2.1",
        "@tsparticles/interaction-external-slow": "^3.2.1",
        "@tsparticles/interaction-particles-attract": "^3.2.1",
        "@tsparticles/interaction-particles-collisions": "^3.2.1",
        "@tsparticles/interaction-particles-links": "^3.2.1",
        "@tsparticles/move-parallax": "^3.2.1",
        "@tsparticles/plugin-easing-quad": "^3.2.1",
        "@tsparticles/shape-emoji": "^3.2.1",
        "@tsparticles/shape-image": "^3.2.1",
        "@tsparticles/shape-line": "^3.2.1",
        "@tsparticles/shape-polygon": "^3.2.1",
        "@tsparticles/shape-square": "^3.2.1",
        "@tsparticles/shape-star": "^3.2.1",
        "@tsparticles/updater-life": "^3.2.1",
        "@tsparticles/updater-rotate": "^3.2.1",
        "@tsparticles/updater-stroke-color": "^3.2.1"
      }
    },
    "node_modules/@tsparticles/updater-color": {
      "version": "3.2.1",
      "resolved": "https://registry.npmjs.org/@tsparticles/updater-color/-/updater-color-3.2.1.tgz",
      "integrity": "sha512-IVUMmCR4amASTkZ/Fhs2Zu6VywRjkC54lJNpZ86jNONhzdHC4bGAmporMfEsNoa2stsPRZpMHvQCSD5dYoSbZg==",
      "deprecated": "3.2.0 and 3.2.1 have issues with some bundlers, deprecating those until solved with 3.2.2",
      "dependencies": {
        "@tsparticles/engine": "^3.2.1"
      }
    },
    "node_modules/@tsparticles/updater-life": {
      "version": "3.2.1",
      "resolved": "https://registry.npmjs.org/@tsparticles/updater-life/-/updater-life-3.2.1.tgz",
      "integrity": "sha512-FvdFDvt8zFpel7LgtiVbZil7kkPtom9BVtnIw5r1lGwluSLTkzamwhtvp7KCudSBRZ6PziX4QUWaVk/NI4njxQ==",
      "deprecated": "3.2.0 and 3.2.1 have issues with some bundlers, deprecating those until solved with 3.2.2",
      "dependencies": {
        "@tsparticles/engine": "^3.2.1"
      }
    },
    "node_modules/@tsparticles/updater-opacity": {
      "version": "3.2.1",
      "resolved": "https://registry.npmjs.org/@tsparticles/updater-opacity/-/updater-opacity-3.2.1.tgz",
      "integrity": "sha512-cvwx21T4bn8s5TArQq3Gq0Zy/WDjqT/S/9jsZcLKC5xgYcpTKptTtWeNaOxSbLR7WRrmIKSx9gUhz6SwHvTePw==",
      "deprecated": "3.2.0 and 3.2.1 have issues with some bundlers, deprecating those until solved with 3.2.2",
      "dependencies": {
        "@tsparticles/engine": "^3.2.1"
      }
    },
    "node_modules/@tsparticles/updater-out-modes": {
      "version": "3.2.1",
      "resolved": "https://registry.npmjs.org/@tsparticles/updater-out-modes/-/updater-out-modes-3.2.1.tgz",
      "integrity": "sha512-y1+K05ao6z/oRvl6dBVrXLVQ33Rt9dpPDVJfMeGI9EyafZAzbX28ohBPm+K7pXbXDeoUnSPrKC160KOPPRsGgA==",
      "deprecated": "3.2.0 and 3.2.1 have issues with some bundlers, deprecating those until solved with 3.2.2",
      "dependencies": {
        "@tsparticles/engine": "^3.2.1"
      }
    },
    "node_modules/@tsparticles/updater-rotate": {
      "version": "3.2.1",
      "resolved": "https://registry.npmjs.org/@tsparticles/updater-rotate/-/updater-rotate-3.2.1.tgz",
      "integrity": "sha512-oVHe6kLFTJz6mfuVBImYVxhqFYeres5d3KyptLIzVguSPG5NNN5ZSBULD/CjjSlFeRCaZNdhLGLCvquxaD1/7A==",
      "deprecated": "3.2.0 and 3.2.1 have issues with some bundlers, deprecating those until solved with 3.2.2",
      "dependencies": {
        "@tsparticles/engine": "^3.2.1"
      }
    },
    "node_modules/@tsparticles/updater-size": {
      "version": "3.2.1",
      "resolved": "https://registry.npmjs.org/@tsparticles/updater-size/-/updater-size-3.2.1.tgz",
      "integrity": "sha512-GqkNEjGttjQBdFSteZ6WdhciJqKDTniha2B1vHZrEd+XDoSFwb8JwVw+kdMwHshNfsL4cuM3zQypGMVoQOcldg==",
      "deprecated": "3.2.0 and 3.2.1 have issues with some bundlers, deprecating those until solved with 3.2.2",
      "dependencies": {
        "@tsparticles/engine": "^3.2.1"
      }
    },
    "node_modules/@tsparticles/updater-stroke-color": {
      "version": "3.2.1",
      "resolved": "https://registry.npmjs.org/@tsparticles/updater-stroke-color/-/updater-stroke-color-3.2.1.tgz",
      "integrity": "sha512-niG2IVlh8O0xCHnTDtfOXxbMWKESCiXTjRouuJfTch1qDEuIMVOwDpynHAemQcVKLiHLAzfJf2b8A6K74+3N+A==",
      "deprecated": "3.2.0 and 3.2.1 have issues with some bundlers, deprecating those until solved with 3.2.2",
      "dependencies": {
        "@tsparticles/engine": "^3.2.1"
      }
    },
    "node_modules/clsx": {
      "version": "2.1.0",
      "resolved": "https://registry.npmjs.org/clsx/-/clsx-2.1.0.tgz",
      "integrity": "sha512-m3iNNWpd9rl3jvvcBnu70ylMdrXt8Vlq4HYadnU5fwcOtvkSQWPmj7amUcDT2qYI7risszBjI5AUIUox9D16pg==",
      "engines": {
        "node": ">=6"
      }
    },
    "node_modules/framer-motion": {
      "version": "11.0.6",
      "resolved": "https://registry.npmjs.org/framer-motion/-/framer-motion-11.0.6.tgz",
      "integrity": "sha512-BpO3mWF8UwxzO3Ca5AmSkrg14QYTeJa9vKgoLOoBdBdTPj0e81i1dMwnX6EQJXRieUx20uiDBXq8bA6y7N6b8Q==",
      "dependencies": {
        "tslib": "^2.4.0"
      },
      "optionalDependencies": {
        "@emotion/is-prop-valid": "^0.8.2"
      },
      "peerDependencies": {
        "react": "^18.0.0",
        "react-dom": "^18.0.0"
      },
      "peerDependenciesMeta": {
        "react": {
          "optional": true
        },
        "react-dom": {
          "optional": true
        }
      }
    },
    "node_modules/js-tokens": {
      "version": "4.0.0",
      "resolved": "https://registry.npmjs.org/js-tokens/-/js-tokens-4.0.0.tgz",
      "integrity": "sha512-RdJUflcE3cUzKiMqQgsCu06FPu9UdIJO0beYbPhHN4k6apgJtifcoCtT9bcxOpYBtpD2kCM6Sbzg4CausW/PKQ==",
      "peer": true
    },
    "node_modules/loose-envify": {
      "version": "1.4.0",
      "resolved": "https://registry.npmjs.org/loose-envify/-/loose-envify-1.4.0.tgz",
      "integrity": "sha512-lyuxPGr/Wfhrlem2CL/UcnUc1zcqKAImBDzukY7Y5F/yQiNdko6+fRLevlw1HgMySw7f611UIY408EtxRSoK3Q==",
      "peer": true,
      "dependencies": {
        "js-tokens": "^3.0.0 || ^4.0.0"
      },
      "bin": {
        "loose-envify": "cli.js"
      }
    },
    "node_modules/react": {
      "version": "18.2.0",
      "resolved": "https://registry.npmjs.org/react/-/react-18.2.0.tgz",
      "integrity": "sha512-/3IjMdb2L9QbBdWiW5e3P2/npwMBaU9mHCSCUzNln0ZCYbcfTsGbTJrU/kGemdH2IWmB2ioZ+zkxtmq6g09fGQ==",
      "peer": true,
      "dependencies": {
        "loose-envify": "^1.1.0"
      },
      "engines": {
        "node": ">=0.10.0"
      }
    },
    "node_modules/react-dom": {
      "version": "18.2.0",
      "resolved": "https://registry.npmjs.org/react-dom/-/react-dom-18.2.0.tgz",
      "integrity": "sha512-6IMTriUmvsjHUjNtEDudZfuDQUoWXVxKHhlEGSk81n4YFS+r/Kl99wXiwlVXtPBtJenozv2P+hxDsw9eA7Xo6g==",
      "peer": true,
      "dependencies": {
        "loose-envify": "^1.1.0",
        "scheduler": "^0.23.0"
      },
      "peerDependencies": {
        "react": "^18.2.0"
      }
    },
    "node_modules/regenerator-runtime": {
      "version": "0.14.1",
      "resolved": "https://registry.npmjs.org/regenerator-runtime/-/regenerator-runtime-0.14.1.tgz",
      "integrity": "sha512-dYnhHh0nJoMfnkZs6GmmhFknAGRrLznOu5nc9ML+EJxGvrx6H7teuevqVqCuPcPK//3eDrrjQhehXVx9cnkGdw=="
    },
    "node_modules/scheduler": {
      "version": "0.23.0",
      "resolved": "https://registry.npmjs.org/scheduler/-/scheduler-0.23.0.tgz",
      "integrity": "sha512-CtuThmgHNg7zIZWAXi3AsyIzA3n4xx7aNyjwC2VJldO2LMVDhFK+63xGqq6CsJH4rTAt6/M+N4GhZiDYPx9eUw==",
      "peer": true,
      "dependencies": {
        "loose-envify": "^1.1.0"
      }
    },
    "node_modules/tailwind-merge": {
      "version": "2.2.1",
      "resolved": "https://registry.npmjs.org/tailwind-merge/-/tailwind-merge-2.2.1.tgz",
      "integrity": "sha512-o+2GTLkthfa5YUt4JxPfzMIpQzZ3adD1vLVkvKE1Twl9UAhGsEbIZhHHZVRttyW177S8PDJI3bTQNaebyofK3Q==",
      "dependencies": {
        "@babel/runtime": "^7.23.7"
      },
      "funding": {
        "type": "github",
        "url": "https://github.com/sponsors/dcastil"
      }
    },
    "node_modules/tslib": {
      "version": "2.6.2",
      "resolved": "https://registry.npmjs.org/tslib/-/tslib-2.6.2.tgz",
      "integrity": "sha512-AEYxH93jGFPn/a2iVAwW87VuUIkR1FVUKB77NwMF7nBTDkDrrT/Hpt/IrCJ0QXhW27jTBDcf5ZY7w6RiqTMw2Q=="
    }
  }
}
